
Microsoft Visual Studio Solution File, Format Version 12.00
# Visual Studio Version 16
VisualStudioVersion = 16.0.29020.237
MinimumVisualStudioVersion = 10.0.40219.1
Project("{FAE04EC0-301F-11D3-BF4B-00C04F79EFBC}") = "StonePayments.Client", "StonePayments\StonePayments.Client.csproj", "{23FCD548-6DA7-47B3-A7C8-36E990EBBEAC}"
EndProject
Project("{FAE04EC0-301F-11D3-BF4B-00C04F79EFBC}") = "StonePayments.Server", "StonePaymentsServer\StonePayments.Server.csproj", "{4C1CE5A3-A0D7-4164-B4DF-7D0244835A92}"
EndProject
Project("{FAE04EC0-301F-11D3-BF4B-00C04F79EFBC}") = "StonePayments.Tests", "StonePaymentsServer.Tests\StonePayments.Tests.csproj", "{446043DD-7E7D-47A7-93A5-4E8D1C8AC4FF}"
EndProject
Project("{FAE04EC0-301F-11D3-BF4B-00C04F79EFBC}") = "StonePayments.Util", "LibraryUtil\StonePayments.Util.csproj", "{1E71AD29-8527-4EC6-9815-9AD249CB59F6}"
EndProject
Project("{9A19103F-16F7-4668-BE54-9A1E7A4F7556}") = "StonePayments.Business", "StonePaymentsBusiness\StonePayments.Business.csproj", "{DA5B7672-EA31-4053-8059-7366CE459B77}"
EndProject
Global
	GlobalSection(SolutionConfigurationPlatforms) = preSolution
		Debug|Any CPU = Debug|Any CPU
		Release|Any CPU = Release|Any CPU
	EndGlobalSection
	GlobalSection(ProjectConfigurationPlatforms) = postSolution
		{23FCD548-6DA7-47B3-A7C8-36E990EBBEAC}.Debug|Any CPU.ActiveCfg = Debug|Any CPU
		{23FCD548-6DA7-47B3-A7C8-36E990EBBEAC}.Debug|Any CPU.Build.0 = Debug|Any CPU
		{23FCD548-6DA7-47B3-A7C8-36E990EBBEAC}.Release|Any CPU.ActiveCfg = Release|Any CPU
		{23FCD548-6DA7-47B3-A7C8-36E990EBBEAC}.Release|Any CPU.Build.0 = Release|Any CPU
		{4C1CE5A3-A0D7-4164-B4DF-7D0244835A92}.Debug|Any CPU.ActiveCfg = Debug|Any CPU
		{4C1CE5A3-A0D7-4164-B4DF-7D0244835A92}.Debug|Any CPU.Build.0 = Debug|Any CPU
		{4C1CE5A3-A0D7-4164-B4DF-7D0244835A92}.Release|Any CPU.ActiveCfg = Release|Any CPU
		{4C1CE5A3-A0D7-4164-B4DF-7D0244835A92}.Release|Any CPU.Build.0 = Release|Any CPU
		{446043DD-7E7D-47A7-93A5-4E8D1C8AC4FF}.Debug|Any CPU.ActiveCfg = Debug|Any CPU
		{446043DD-7E7D-47A7-93A5-4E8D1C8AC4FF}.Debug|Any CPU.Build.0 = Debug|Any CPU
		{446043DD-7E7D-47A7-93A5-4E8D1C8AC4FF}.Release|Any CPU.ActiveCfg = Release|Any CPU
		{446043DD-7E7D-47A7-93A5-4E8D1C8AC4FF}.Release|Any CPU.Build.0 = Release|Any CPU
		{1E71AD29-8527-4EC6-9815-9AD249CB59F6}.Debug|Any CPU.ActiveCfg = Debug|Any CPU
		{1E71AD29-8527-4EC6-9815-9AD249CB59F6}.Debug|Any CPU.Build.0 = Debug|Any CPU
		{1E71AD29-8527-4EC6-9815-9AD249CB59F6}.Release|Any CPU.ActiveCfg = Release|Any CPU
		{1E71AD29-8527-4EC6-9815-9AD249CB59F6}.Release|Any CPU.Build.0 = Release|Any CPU
		{DA5B7672-EA31-4053-8059-7366CE459B77}.Debug|Any CPU.ActiveCfg = Debug|Any CPU
		{DA5B7672-EA31-4053-8059-7366CE459B77}.Debug|Any CPU.Build.0 = Debug|Any CPU
		{DA5B7672-EA31-4053-8059-7366CE459B77}.Release|Any CPU.ActiveCfg = Release|Any CPU
		{DA5B7672-EA31-4053-8059-7366CE459B77}.Release|Any CPU.Build.0 = Release|Any CPU
	EndGlobalSection
	GlobalSection(SolutionProperties) = preSolution
		HideSolutionNode = FALSE
	EndGlobalSection
	GlobalSection(ExtensibilityGlobals) = postSolution
		SolutionGuid = {940C2540-C3A2-42A4-8280-7010781889D9}
	EndGlobalSection
EndGlobal
